
Microsoft Visual Studio Solution File, Format Version 12.00
# Visual Studio Version 17
VisualStudioVersion = 17.5.33516.290
MinimumVisualStudioVersion = 10.0.40219.1
Project("{9A19103F-16F7-4668-BE54-9A1E7A4F7556}") = "BusinessLogicLayer", "BusinessLogicLayer\BusinessLogicLayer.csproj", "{C6E7278A-690A-4350-A30A-4F2DE5519BF0}"
EndProject
Project("{9A19103F-16F7-4668-BE54-9A1E7A4F7556}") = "PresentationLayer", "PresentationLayer\PresentationLayer.csproj", "{B3BA6767-3A5F-4836-A926-FE221E3CECA8}"
EndProject
Project("{9A19103F-16F7-4668-BE54-9A1E7A4F7556}") = "DataTransferObject", "DataTransferObject\DataTransferObject.csproj", "{527F1D6F-DFEC-4120-B9E2-A3F14C1C1477}"
EndProject
Project("{9A19103F-16F7-4668-BE54-9A1E7A4F7556}") = "DataAccessLayer", "DataAccessLayer\DataAccessLayer.csproj", "{E0620F73-47FB-420F-9AD2-6F92CB4EA239}"
EndProject
Project("{54A90642-561A-4BB1-A94E-469ADEE60C69}") = "reactjswebsite", "ReactJSWebsite\reactjswebsite.esproj", "{9A60688C-33F2-429E-9422-71CA48C4A2DF}"
EndProject
Global
	GlobalSection(SolutionConfigurationPlatforms) = preSolution
		Debug|Any CPU = Debug|Any CPU
		Release|Any CPU = Release|Any CPU
	EndGlobalSection
	GlobalSection(ProjectConfigurationPlatforms) = postSolution
		{C6E7278A-690A-4350-A30A-4F2DE5519BF0}.Debug|Any CPU.ActiveCfg = Debug|Any CPU
		{C6E7278A-690A-4350-A30A-4F2DE5519BF0}.Debug|Any CPU.Build.0 = Debug|Any CPU
		{C6E7278A-690A-4350-A30A-4F2DE5519BF0}.Release|Any CPU.ActiveCfg = Release|Any CPU
		{C6E7278A-690A-4350-A30A-4F2DE5519BF0}.Release|Any CPU.Build.0 = Release|Any CPU
		{B3BA6767-3A5F-4836-A926-FE221E3CECA8}.Debug|Any CPU.ActiveCfg = Debug|Any CPU
		{B3BA6767-3A5F-4836-A926-FE221E3CECA8}.Debug|Any CPU.Build.0 = Debug|Any CPU
		{B3BA6767-3A5F-4836-A926-FE221E3CECA8}.Release|Any CPU.ActiveCfg = Release|Any CPU
		{B3BA6767-3A5F-4836-A926-FE221E3CECA8}.Release|Any CPU.Build.0 = Release|Any CPU
		{527F1D6F-DFEC-4120-B9E2-A3F14C1C1477}.Debug|Any CPU.ActiveCfg = Debug|Any CPU
		{527F1D6F-DFEC-4120-B9E2-A3F14C1C1477}.Debug|Any CPU.Build.0 = Debug|Any CPU
		{527F1D6F-DFEC-4120-B9E2-A3F14C1C1477}.Release|Any CPU.ActiveCfg = Release|Any CPU
		{527F1D6F-DFEC-4120-B9E2-A3F14C1C1477}.Release|Any CPU.Build.0 = Release|Any CPU
		{E0620F73-47FB-420F-9AD2-6F92CB4EA239}.Debug|Any CPU.ActiveCfg = Debug|Any CPU
		{E0620F73-47FB-420F-9AD2-6F92CB4EA239}.Debug|Any CPU.Build.0 = Debug|Any CPU
		{E0620F73-47FB-420F-9AD2-6F92CB4EA239}.Release|Any CPU.ActiveCfg = Release|Any CPU
		{E0620F73-47FB-420F-9AD2-6F92CB4EA239}.Release|Any CPU.Build.0 = Release|Any CPU
		{9A60688C-33F2-429E-9422-71CA48C4A2DF}.Debug|Any CPU.ActiveCfg = Debug|Any CPU
		{9A60688C-33F2-429E-9422-71CA48C4A2DF}.Debug|Any CPU.Build.0 = Debug|Any CPU
		{9A60688C-33F2-429E-9422-71CA48C4A2DF}.Debug|Any CPU.Deploy.0 = Debug|Any CPU
		{9A60688C-33F2-429E-9422-71CA48C4A2DF}.Release|Any CPU.ActiveCfg = Release|Any CPU
		{9A60688C-33F2-429E-9422-71CA48C4A2DF}.Release|Any CPU.Build.0 = Release|Any CPU
		{9A60688C-33F2-429E-9422-71CA48C4A2DF}.Release|Any CPU.Deploy.0 = Release|Any CPU
	EndGlobalSection
	GlobalSection(SolutionProperties) = preSolution
		HideSolutionNode = FALSE
	EndGlobalSection
	GlobalSection(ExtensibilityGlobals) = postSolution
		SolutionGuid = {901DB00A-88EF-4A76-9413-F173F5717274}
	EndGlobalSection
EndGlobal
